// !$*UTF8*$!
{
	archiveVersion = 1;
	classes = {
	};
	objectVersion = 55;
	objects = {

/* Begin PBXBuildFile section */
		8F5818B528AC71AF007E0EDD /* CodeViewController.swift in Sources */ = {isa = PBXBuildFile; fileRef = 8F5818B428AC71AF007E0EDD /* CodeViewController.swift */; };
		8F5818B828AC81B4007E0EDD /* SnapKit in Frameworks */ = {isa = PBXBuildFile; productRef = 8F5818B728AC81B4007E0EDD /* SnapKit */; };
		8F5818BA28AC8236007E0EDD /* CodeSnapViewController.swift in Sources */ = {isa = PBXBuildFile; fileRef = 8F5818B928AC8236007E0EDD /* CodeSnapViewController.swift */; };
		8F5818BC28AC8C0E007E0EDD /* CodeSnap2ViewController.swift in Sources */ = {isa = PBXBuildFile; fileRef = 8F5818BB28AC8C0E007E0EDD /* CodeSnap2ViewController.swift */; };
		8F5818BE28ACA79C007E0EDD /* CodeTaskViewController.swift in Sources */ = {isa = PBXBuildFile; fileRef = 8F5818BD28ACA79C007E0EDD /* CodeTaskViewController.swift */; };
		8F5818C028ACA83B007E0EDD /* Extensions.swift in Sources */ = {isa = PBXBuildFile; fileRef = 8F5818BF28ACA83B007E0EDD /* Extensions.swift */; };
		8F5BFBD228AB1FBF0036C72F /* AppDelegate.swift in Sources */ = {isa = PBXBuildFile; fileRef = 8F5BFBD128AB1FBF0036C72F /* AppDelegate.swift */; };
		8F5BFBD428AB1FBF0036C72F /* SceneDelegate.swift in Sources */ = {isa = PBXBuildFile; fileRef = 8F5BFBD328AB1FBF0036C72F /* SceneDelegate.swift */; };
		8F5BFBD628AB1FBF0036C72F /* ViewController.swift in Sources */ = {isa = PBXBuildFile; fileRef = 8F5BFBD528AB1FBF0036C72F /* ViewController.swift */; };
		8F5BFBD928AB1FBF0036C72F /* Main.storyboard in Resources */ = {isa = PBXBuildFile; fileRef = 8F5BFBD728AB1FBF0036C72F /* Main.storyboard */; };
		8F5BFBDB28AB1FC00036C72F /* Assets.xcassets in Resources */ = {isa = PBXBuildFile; fileRef = 8F5BFBDA28AB1FC00036C72F /* Assets.xcassets */; };
		8F5BFBDE28AB1FC00036C72F /* LaunchScreen.storyboard in Resources */ = {isa = PBXBuildFile; fileRef = 8F5BFBDC28AB1FC00036C72F /* LaunchScreen.storyboard */; };
		8F5BFC0328AB2C5F0036C72F /* SeSAC2UIFramwork.framework in Frameworks */ = {isa = PBXBuildFile; fileRef = 8F5BFC0028AB2C520036C72F /* SeSAC2UIFramwork.framework */; };
		8F5BFC0428AB2C5F0036C72F /* SeSAC2UIFramwork.framework in Embed Frameworks */ = {isa = PBXBuildFile; fileRef = 8F5BFC0028AB2C520036C72F /* SeSAC2UIFramwork.framework */; settings = {ATTRIBUTES = (CodeSignOnCopy, RemoveHeadersOnCopy, ); }; };
		8F5BFC0728AB3A7C0036C72F /* walkThrough.storyboard in Resources */ = {isa = PBXBuildFile; fileRef = 8F5BFC0628AB3A7C0036C72F /* walkThrough.storyboard */; };
		8F5BFC0B28AB3B490036C72F /* FirstViewController.swift in Sources */ = {isa = PBXBuildFile; fileRef = 8F5BFC0A28AB3B490036C72F /* FirstViewController.swift */; };
		8F5BFC0D28AB40DE0036C72F /* SecondViewController.swift in Sources */ = {isa = PBXBuildFile; fileRef = 8F5BFC0C28AB40DE0036C72F /* SecondViewController.swift */; };
		8F5BFC0F28AB40E50036C72F /* ThirdViewController.swift in Sources */ = {isa = PBXBuildFile; fileRef = 8F5BFC0E28AB40E50036C72F /* ThirdViewController.swift */; };
		8F5BFC1128AB41070036C72F /* PageViewController.swift in Sources */ = {isa = PBXBuildFile; fileRef = 8F5BFC1028AB41070036C72F /* PageViewController.swift */; };
/* End PBXBuildFile section */

/* Begin PBXContainerItemProxy section */
		8F5BFBFF28AB2C520036C72F /* PBXContainerItemProxy */ = {
			isa = PBXContainerItemProxy;
			containerPortal = 8F5BFBFA28AB2C520036C72F /* SeSAC2UIFramwork.xcodeproj */;
			proxyType = 2;
			remoteGlobalIDString = 8F5BFBA928AB1BBE0036C72F;
			remoteInfo = SeSAC2UIFramwork;
		};
		8F5BFC0128AB2C520036C72F /* PBXContainerItemProxy */ = {
			isa = PBXContainerItemProxy;
			containerPortal = 8F5BFBFA28AB2C520036C72F /* SeSAC2UIFramwork.xcodeproj */;
			proxyType = 2;
			remoteGlobalIDString = 8F5BFBB328AB1BBE0036C72F;
			remoteInfo = SeSAC2UIFramworkTests;
		};
/* End PBXContainerItemProxy section */

/* Begin PBXCopyFilesBuildPhase section */
		8F5BFBF128AB20E70036C72F /* Embed Frameworks */ = {
			isa = PBXCopyFilesBuildPhase;
			buildActionMask = 2147483647;
			dstPath = "";
			dstSubfolderSpec = 10;
			files = (
				8F5BFC0428AB2C5F0036C72F /* SeSAC2UIFramwork.framework in Embed Frameworks */,
			);
			name = "Embed Frameworks";
			runOnlyForDeploymentPostprocessing = 0;
		};
/* End PBXCopyFilesBuildPhase section */

/* Begin PBXFileReference section */
		8F5818B428AC71AF007E0EDD /* CodeViewController.swift */ = {isa = PBXFileReference; lastKnownFileType = sourcecode.swift; path = CodeViewController.swift; sourceTree = "<group>"; };
		8F5818B928AC8236007E0EDD /* CodeSnapViewController.swift */ = {isa = PBXFileReference; lastKnownFileType = sourcecode.swift; path = CodeSnapViewController.swift; sourceTree = "<group>"; };
		8F5818BB28AC8C0E007E0EDD /* CodeSnap2ViewController.swift */ = {isa = PBXFileReference; lastKnownFileType = sourcecode.swift; path = CodeSnap2ViewController.swift; sourceTree = "<group>"; };
		8F5818BD28ACA79C007E0EDD /* CodeTaskViewController.swift */ = {isa = PBXFileReference; lastKnownFileType = sourcecode.swift; path = CodeTaskViewController.swift; sourceTree = "<group>"; };
		8F5818BF28ACA83B007E0EDD /* Extensions.swift */ = {isa = PBXFileReference; lastKnownFileType = sourcecode.swift; path = Extensions.swift; sourceTree = "<group>"; };
		8F5BFBCE28AB1FBF0036C72F /* SeSAC2Week7Diary.app */ = {isa = PBXFileReference; explicitFileType = wrapper.application; includeInIndex = 0; path = SeSAC2Week7Diary.app; sourceTree = BUILT_PRODUCTS_DIR; };
		8F5BFBD128AB1FBF0036C72F /* AppDelegate.swift */ = {isa = PBXFileReference; lastKnownFileType = sourcecode.swift; path = AppDelegate.swift; sourceTree = "<group>"; };
		8F5BFBD328AB1FBF0036C72F /* SceneDelegate.swift */ = {isa = PBXFileReference; lastKnownFileType = sourcecode.swift; path = SceneDelegate.swift; sourceTree = "<group>"; };
		8F5BFBD528AB1FBF0036C72F /* ViewController.swift */ = {isa = PBXFileReference; lastKnownFileType = sourcecode.swift; path = ViewController.swift; sourceTree = "<group>"; };
		8F5BFBD828AB1FBF0036C72F /* Base */ = {isa = PBXFileReference; lastKnownFileType = file.storyboard; name = Base; path = Base.lproj/Main.storyboard; sourceTree = "<group>"; };
		8F5BFBDA28AB1FC00036C72F /* Assets.xcassets */ = {isa = PBXFileReference; lastKnownFileType = folder.assetcatalog; path = Assets.xcassets; sourceTree = "<group>"; };
		8F5BFBDD28AB1FC00036C72F /* Base */ = {isa = PBXFileReference; lastKnownFileType = file.storyboard; name = Base; path = Base.lproj/LaunchScreen.storyboard; sourceTree = "<group>"; };
		8F5BFBDF28AB1FC00036C72F /* Info.plist */ = {isa = PBXFileReference; lastKnownFileType = text.plist.xml; path = Info.plist; sourceTree = "<group>"; };
		8F5BFBFA28AB2C520036C72F /* SeSAC2UIFramwork.xcodeproj */ = {isa = PBXFileReference; lastKnownFileType = "wrapper.pb-project"; name = SeSAC2UIFramwork.xcodeproj; path = ../SeSAC2UIFramwork/SeSAC2UIFramwork.xcodeproj; sourceTree = "<group>"; };
		8F5BFC0628AB3A7C0036C72F /* walkThrough.storyboard */ = {isa = PBXFileReference; lastKnownFileType = file.storyboard; path = walkThrough.storyboard; sourceTree = "<group>"; };
		8F5BFC0A28AB3B490036C72F /* FirstViewController.swift */ = {isa = PBXFileReference; lastKnownFileType = sourcecode.swift; path = FirstViewController.swift; sourceTree = "<group>"; };
		8F5BFC0C28AB40DE0036C72F /* SecondViewController.swift */ = {isa = PBXFileReference; lastKnownFileType = sourcecode.swift; path = SecondViewController.swift; sourceTree = "<group>"; };
		8F5BFC0E28AB40E50036C72F /* ThirdViewController.swift */ = {isa = PBXFileReference; lastKnownFileType = sourcecode.swift; path = ThirdViewController.swift; sourceTree = "<group>"; };
		8F5BFC1028AB41070036C72F /* PageViewController.swift */ = {isa = PBXFileReference; lastKnownFileType = sourcecode.swift; path = PageViewController.swift; sourceTree = "<group>"; };
/* End PBXFileReference section */

/* Begin PBXFrameworksBuildPhase section */
		8F5BFBCB28AB1FBF0036C72F /* Frameworks */ = {
			isa = PBXFrameworksBuildPhase;
			buildActionMask = 2147483647;
			files = (
				8F5BFC0328AB2C5F0036C72F /* SeSAC2UIFramwork.framework in Frameworks */,
				8F5818B828AC81B4007E0EDD /* SnapKit in Frameworks */,
			);
			runOnlyForDeploymentPostprocessing = 0;
		};
/* End PBXFrameworksBuildPhase section */

/* Begin PBXGroup section */
		8F5818B128AC7197007E0EDD /* CodeBase */ = {
			isa = PBXGroup;
			children = (
				8F5818B428AC71AF007E0EDD /* CodeViewController.swift */,
				8F5818B928AC8236007E0EDD /* CodeSnapViewController.swift */,
				8F5818BB28AC8C0E007E0EDD /* CodeSnap2ViewController.swift */,
				8F5818BD28ACA79C007E0EDD /* CodeTaskViewController.swift */,
			);
			path = CodeBase;
			sourceTree = "<group>";
		};
		8F5BFBC528AB1FBF0036C72F = {
			isa = PBXGroup;
			children = (
				8F5BFBFA28AB2C520036C72F /* SeSAC2UIFramwork.xcodeproj */,
				8F5BFBD028AB1FBF0036C72F /* SeSAC2Week7Diary */,
				8F5BFBCF28AB1FBF0036C72F /* Products */,
				8F5BFBEE28AB20E70036C72F /* Frameworks */,
			);
			sourceTree = "<group>";
		};
		8F5BFBCF28AB1FBF0036C72F /* Products */ = {
			isa = PBXGroup;
			children = (
				8F5BFBCE28AB1FBF0036C72F /* SeSAC2Week7Diary.app */,
			);
			name = Products;
			sourceTree = "<group>";
		};
		8F5BFBD028AB1FBF0036C72F /* SeSAC2Week7Diary */ = {
			isa = PBXGroup;
			children = (
				8F5818BF28ACA83B007E0EDD /* Extensions.swift */,
				8F5818B128AC7197007E0EDD /* CodeBase */,
				8F5BFC0528AB3A610036C72F /* WalkThrough */,
				8F5BFBD128AB1FBF0036C72F /* AppDelegate.swift */,
				8F5BFBD328AB1FBF0036C72F /* SceneDelegate.swift */,
				8F5BFBD528AB1FBF0036C72F /* ViewController.swift */,
				8F5BFBD728AB1FBF0036C72F /* Main.storyboard */,
				8F5BFBDA28AB1FC00036C72F /* Assets.xcassets */,
				8F5BFBDC28AB1FC00036C72F /* LaunchScreen.storyboard */,
				8F5BFBDF28AB1FC00036C72F /* Info.plist */,
			);
			path = SeSAC2Week7Diary;
			sourceTree = "<group>";
		};
		8F5BFBEE28AB20E70036C72F /* Frameworks */ = {
			isa = PBXGroup;
			children = (
			);
			name = Frameworks;
			sourceTree = "<group>";
		};
		8F5BFBFB28AB2C520036C72F /* Products */ = {
			isa = PBXGroup;
			children = (
				8F5BFC0028AB2C520036C72F /* SeSAC2UIFramwork.framework */,
				8F5BFC0228AB2C520036C72F /* SeSAC2UIFramworkTests.xctest */,
			);
			name = Products;
			sourceTree = "<group>";
		};
		8F5BFC0528AB3A610036C72F /* WalkThrough */ = {
			isa = PBXGroup;
			children = (
				8F5BFC0628AB3A7C0036C72F /* walkThrough.storyboard */,
				8F5BFC0A28AB3B490036C72F /* FirstViewController.swift */,
				8F5BFC0C28AB40DE0036C72F /* SecondViewController.swift */,
				8F5BFC0E28AB40E50036C72F /* ThirdViewController.swift */,
				8F5BFC1028AB41070036C72F /* PageViewController.swift */,
			);
			path = WalkThrough;
			sourceTree = "<group>";
		};
/* End PBXGroup section */

/* Begin PBXNativeTarget section */
		8F5BFBCD28AB1FBF0036C72F /* SeSAC2Week7Diary */ = {
			isa = PBXNativeTarget;
			buildConfigurationList = 8F5BFBE228AB1FC00036C72F /* Build configuration list for PBXNativeTarget "SeSAC2Week7Diary" */;
			buildPhases = (
				8F5BFBCA28AB1FBF0036C72F /* Sources */,
				8F5BFBCB28AB1FBF0036C72F /* Frameworks */,
				8F5BFBCC28AB1FBF0036C72F /* Resources */,
				8F5BFBF128AB20E70036C72F /* Embed Frameworks */,
			);
			buildRules = (
			);
			dependencies = (
			);
			name = SeSAC2Week7Diary;
			packageProductDependencies = (
				8F5818B728AC81B4007E0EDD /* SnapKit */,
			);
			productName = SeSAC2Week7Diary;
			productReference = 8F5BFBCE28AB1FBF0036C72F /* SeSAC2Week7Diary.app */;
			productType = "com.apple.product-type.application";
		};
/* End PBXNativeTarget section */

/* Begin PBXProject section */
		8F5BFBC628AB1FBF0036C72F /* Project object */ = {
			isa = PBXProject;
			attributes = {
				BuildIndependentTargetsInParallel = 1;
				LastSwiftUpdateCheck = 1340;
				LastUpgradeCheck = 1340;
				TargetAttributes = {
					8F5BFBCD28AB1FBF0036C72F = {
						CreatedOnToolsVersion = 13.4.1;
					};
				};
			};
			buildConfigurationList = 8F5BFBC928AB1FBF0036C72F /* Build configuration list for PBXProject "SeSAC2Week7Diary" */;
			compatibilityVersion = "Xcode 13.0";
			developmentRegion = en;
			hasScannedForEncodings = 0;
			knownRegions = (
				en,
				Base,
			);
			mainGroup = 8F5BFBC528AB1FBF0036C72F;
			packageReferences = (
				8F5818B628AC81B4007E0EDD /* XCRemoteSwiftPackageReference "SnapKit" */,
			);
			productRefGroup = 8F5BFBCF28AB1FBF0036C72F /* Products */;
			projectDirPath = "";
			projectReferences = (
				{
					ProductGroup = 8F5BFBFB28AB2C520036C72F /* Products */;
					ProjectRef = 8F5BFBFA28AB2C520036C72F /* SeSAC2UIFramwork.xcodeproj */;
				},
			);
			projectRoot = "";
			targets = (
				8F5BFBCD28AB1FBF0036C72F /* SeSAC2Week7Diary */,
			);
		};
/* End PBXProject section */

/* Begin PBXReferenceProxy section */
		8F5BFC0028AB2C520036C72F /* SeSAC2UIFramwork.framework */ = {
			isa = PBXReferenceProxy;
			fileType = wrapper.framework;
			path = SeSAC2UIFramwork.framework;
			remoteRef = 8F5BFBFF28AB2C520036C72F /* PBXContainerItemProxy */;
			sourceTree = BUILT_PRODUCTS_DIR;
		};
		8F5BFC0228AB2C520036C72F /* SeSAC2UIFramworkTests.xctest */ = {
			isa = PBXReferenceProxy;
			fileType = wrapper.cfbundle;
			path = SeSAC2UIFramworkTests.xctest;
			remoteRef = 8F5BFC0128AB2C520036C72F /* PBXContainerItemProxy */;
			sourceTree = BUILT_PRODUCTS_DIR;
		};
/* End PBXReferenceProxy section */

/* Begin PBXResourcesBuildPhase section */
		8F5BFBCC28AB1FBF0036C72F /* Resources */ = {
			isa = PBXResourcesBuildPhase;
			buildActionMask = 2147483647;
			files = (
				8F5BFBDE28AB1FC00036C72F /* LaunchScreen.storyboard in Resources */,
				8F5BFC0728AB3A7C0036C72F /* walkThrough.storyboard in Resources */,
				8F5BFBDB28AB1FC00036C72F /* Assets.xcassets in Resources */,
				8F5BFBD928AB1FBF0036C72F /* Main.storyboard in Resources */,
			);
			runOnlyForDeploymentPostprocessing = 0;
		};
/* End PBXResourcesBuildPhase section */

/* Begin PBXSourcesBuildPhase section */
		8F5BFBCA28AB1FBF0036C72F /* Sources */ = {
			isa = PBXSourcesBuildPhase;
			buildActionMask = 2147483647;
			files = (
				8F5BFBD628AB1FBF0036C72F /* ViewController.swift in Sources */,
				8F5818BE28ACA79C007E0EDD /* CodeTaskViewController.swift in Sources */,
				8F5BFC1128AB41070036C72F /* PageViewController.swift in Sources */,
				8F5818BC28AC8C0E007E0EDD /* CodeSnap2ViewController.swift in Sources */,
				8F5BFBD228AB1FBF0036C72F /* AppDelegate.swift in Sources */,
				8F5BFBD428AB1FBF0036C72F /* SceneDelegate.swift in Sources */,
				8F5818BA28AC8236007E0EDD /* CodeSnapViewController.swift in Sources */,
				8F5818C028ACA83B007E0EDD /* Extensions.swift in Sources */,
				8F5BFC0D28AB40DE0036C72F /* SecondViewController.swift in Sources */,
				8F5818B528AC71AF007E0EDD /* CodeViewController.swift in Sources */,
				8F5BFC0F28AB40E50036C72F /* ThirdViewController.swift in Sources */,
				8F5BFC0B28AB3B490036C72F /* FirstViewController.swift in Sources */,
			);
			runOnlyForDeploymentPostprocessing = 0;
		};
/* End PBXSourcesBuildPhase section */

/* Begin PBXVariantGroup section */
		8F5BFBD728AB1FBF0036C72F /* Main.storyboard */ = {
			isa = PBXVariantGroup;
			children = (
				8F5BFBD828AB1FBF0036C72F /* Base */,
			);
			name = Main.storyboard;
			sourceTree = "<group>";
		};
		8F5BFBDC28AB1FC00036C72F /* LaunchScreen.storyboard */ = {
			isa = PBXVariantGroup;
			children = (
				8F5BFBDD28AB1FC00036C72F /* Base */,
			);
			name = LaunchScreen.storyboard;
			sourceTree = "<group>";
		};
/* End PBXVariantGroup section */

/* Begin XCBuildConfiguration section */
		8F5BFBE028AB1FC00036C72F /* Debug */ = {
			isa = XCBuildConfiguration;
			buildSettings = {
				ALWAYS_SEARCH_USER_PATHS = NO;
				CLANG_ANALYZER_NONNULL = YES;
				CLANG_ANALYZER_NUMBER_OBJECT_CONVERSION = YES_AGGRESSIVE;
				CLANG_CXX_LANGUAGE_STANDARD = "gnu++17";
				CLANG_ENABLE_MODULES = YES;
				CLANG_ENABLE_OBJC_ARC = YES;
				CLANG_ENABLE_OBJC_WEAK = YES;
				CLANG_WARN_BLOCK_CAPTURE_AUTORELEASING = YES;
				CLANG_WARN_BOOL_CONVERSION = YES;
				CLANG_WARN_COMMA = YES;
				CLANG_WARN_CONSTANT_CONVERSION = YES;
				CLANG_WARN_DEPRECATED_OBJC_IMPLEMENTATIONS = YES;
				CLANG_WARN_DIRECT_OBJC_ISA_USAGE = YES_ERROR;
				CLANG_WARN_DOCUMENTATION_COMMENTS = YES;
				CLANG_WARN_EMPTY_BODY = YES;
				CLANG_WARN_ENUM_CONVERSION = YES;
				CLANG_WARN_INFINITE_RECURSION = YES;
				CLANG_WARN_INT_CONVERSION = YES;
				CLANG_WARN_NON_LITERAL_NULL_CONVERSION = YES;
				CLANG_WARN_OBJC_IMPLICIT_RETAIN_SELF = YES;
				CLANG_WARN_OBJC_LITERAL_CONVERSION = YES;
				CLANG_WARN_OBJC_ROOT_CLASS = YES_ERROR;
				CLANG_WARN_QUOTED_INCLUDE_IN_FRAMEWORK_HEADER = YES;
				CLANG_WARN_RANGE_LOOP_ANALYSIS = YES;
				CLANG_WARN_STRICT_PROTOTYPES = YES;
				CLANG_WARN_SUSPICIOUS_MOVE = YES;
				CLANG_WARN_UNGUARDED_AVAILABILITY = YES_AGGRESSIVE;
				CLANG_WARN_UNREACHABLE_CODE = YES;
				CLANG_WARN__DUPLICATE_METHOD_MATCH = YES;
				COPY_PHASE_STRIP = NO;
				DEBUG_INFORMATION_FORMAT = dwarf;
				ENABLE_STRICT_OBJC_MSGSEND = YES;
				ENABLE_TESTABILITY = YES;
				GCC_C_LANGUAGE_STANDARD = gnu11;
				GCC_DYNAMIC_NO_PIC = NO;
				GCC_NO_COMMON_BLOCKS = YES;
				GCC_OPTIMIZATION_LEVEL = 0;
				GCC_PREPROCESSOR_DEFINITIONS = (
					"DEBUG=1",
					"$(inherited)",
				);
				GCC_WARN_64_TO_32_BIT_CONVERSION = YES;
				GCC_WARN_ABOUT_RETURN_TYPE = YES_ERROR;
				GCC_WARN_UNDECLARED_SELECTOR = YES;
				GCC_WARN_UNINITIALIZED_AUTOS = YES_AGGRESSIVE;
				GCC_WARN_UNUSED_FUNCTION = YES;
				GCC_WARN_UNUSED_VARIABLE = YES;
				IPHONEOS_DEPLOYMENT_TARGET = 15.5;
				MTL_ENABLE_DEBUG_INFO = INCLUDE_SOURCE;
				MTL_FAST_MATH = YES;
				ONLY_ACTIVE_ARCH = YES;
				SDKROOT = iphoneos;
				SWIFT_ACTIVE_COMPILATION_CONDITIONS = DEBUG;
				SWIFT_OPTIMIZATION_LEVEL = "-Onone";
			};
			name = Debug;
		};
		8F5BFBE128AB1FC00036C72F /* Release */ = {
			isa = XCBuildConfiguration;
			buildSettings = {
				ALWAYS_SEARCH_USER_PATHS = NO;
				CLANG_ANALYZER_NONNULL = YES;
				CLANG_ANALYZER_NUMBER_OBJECT_CONVERSION = YES_AGGRESSIVE;
				CLANG_CXX_LANGUAGE_STANDARD = "gnu++17";
				CLANG_ENABLE_MODULES = YES;
				CLANG_ENABLE_OBJC_ARC = YES;
				CLANG_ENABLE_OBJC_WEAK = YES;
				CLANG_WARN_BLOCK_CAPTURE_AUTORELEASING = YES;
				CLANG_WARN_BOOL_CONVERSION = YES;
				CLANG_WARN_COMMA = YES;
				CLANG_WARN_CONSTANT_CONVERSION = YES;
				CLANG_WARN_DEPRECATED_OBJC_IMPLEMENTATIONS = YES;
				CLANG_WARN_DIRECT_OBJC_ISA_USAGE = YES_ERROR;
				CLANG_WARN_DOCUMENTATION_COMMENTS = YES;
				CLANG_WARN_EMPTY_BODY = YES;
				CLANG_WARN_ENUM_CONVERSION = YES;
				CLANG_WARN_INFINITE_RECURSION = YES;
				CLANG_WARN_INT_CONVERSION = YES;
				CLANG_WARN_NON_LITERAL_NULL_CONVERSION = YES;
				CLANG_WARN_OBJC_IMPLICIT_RETAIN_SELF = YES;
				CLANG_WARN_OBJC_LITERAL_CONVERSION = YES;
				CLANG_WARN_OBJC_ROOT_CLASS = YES_ERROR;
				CLANG_WARN_QUOTED_INCLUDE_IN_FRAMEWORK_HEADER = YES;
				CLANG_WARN_RANGE_LOOP_ANALYSIS = YES;
				CLANG_WARN_STRICT_PROTOTYPES = YES;
				CLANG_WARN_SUSPICIOUS_MOVE = YES;
				CLANG_WARN_UNGUARDED_AVAILABILITY = YES_AGGRESSIVE;
				CLANG_WARN_UNREACHABLE_CODE = YES;
				CLANG_WARN__DUPLICATE_METHOD_MATCH = YES;
				COPY_PHASE_STRIP = NO;
				DEBUG_INFORMATION_FORMAT = "dwarf-with-dsym";
				ENABLE_NS_ASSERTIONS = NO;
				ENABLE_STRICT_OBJC_MSGSEND = YES;
				GCC_C_LANGUAGE_STANDARD = gnu11;
				GCC_NO_COMMON_BLOCKS = YES;
				GCC_WARN_64_TO_32_BIT_CONVERSION = YES;
				GCC_WARN_ABOUT_RETURN_TYPE = YES_ERROR;
				GCC_WARN_UNDECLARED_SELECTOR = YES;
				GCC_WARN_UNINITIALIZED_AUTOS = YES_AGGRESSIVE;
				GCC_WARN_UNUSED_FUNCTION = YES;
				GCC_WARN_UNUSED_VARIABLE = YES;
				IPHONEOS_DEPLOYMENT_TARGET = 15.5;
				MTL_ENABLE_DEBUG_INFO = NO;
				MTL_FAST_MATH = YES;
				SDKROOT = iphoneos;
				SWIFT_COMPILATION_MODE = wholemodule;
				SWIFT_OPTIMIZATION_LEVEL = "-O";
				VALIDATE_PRODUCT = YES;
			};
			name = Release;
		};
		8F5BFBE328AB1FC00036C72F /* Debug */ = {
			isa = XCBuildConfiguration;
			buildSettings = {
				ASSETCATALOG_COMPILER_APPICON_NAME = AppIcon;
				ASSETCATALOG_COMPILER_GLOBAL_ACCENT_COLOR_NAME = AccentColor;
				CODE_SIGN_STYLE = Automatic;
				CURRENT_PROJECT_VERSION = 1;
				DEVELOPMENT_TEAM = Z56UT2Z9KH;
				GENERATE_INFOPLIST_FILE = YES;
				INFOPLIST_FILE = SeSAC2Week7Diary/Info.plist;
				INFOPLIST_KEY_UIApplicationSupportsIndirectInputEvents = YES;
				INFOPLIST_KEY_UILaunchStoryboardName = LaunchScreen;
				INFOPLIST_KEY_UIMainStoryboardFile = Main;
				INFOPLIST_KEY_UISupportedInterfaceOrientations_iPad = "UIInterfaceOrientationPortrait UIInterfaceOrientationPortraitUpsideDown UIInterfaceOrientationLandscapeLeft UIInterfaceOrientationLandscapeRight";
				INFOPLIST_KEY_UISupportedInterfaceOrientations_iPhone = "UIInterfaceOrientationPortrait UIInterfaceOrientationLandscapeLeft UIInterfaceOrientationLandscapeRight";
				LD_RUNPATH_SEARCH_PATHS = (
					"$(inherited)",
					"@executable_path/Frameworks",
				);
				MARKETING_VERSION = 1.0;
				PRODUCT_BUNDLE_IDENTIFIER = com.ohlee.SeSAC2Week7Diary;
				PRODUCT_NAME = "$(TARGET_NAME)";
				SWIFT_EMIT_LOC_STRINGS = YES;
				SWIFT_VERSION = 5.0;
				TARGETED_DEVICE_FAMILY = "1,2";
			};
			name = Debug;
		};
		8F5BFBE428AB1FC00036C72F /* Release */ = {
			isa = XCBuildConfiguration;
			buildSettings = {
				ASSETCATALOG_COMPILER_APPICON_NAME = AppIcon;
				ASSETCATALOG_COMPILER_GLOBAL_ACCENT_COLOR_NAME = AccentColor;
				CODE_SIGN_STYLE = Automatic;
				CURRENT_PROJECT_VERSION = 1;
				DEVELOPMENT_TEAM = Z56UT2Z9KH;
				GENERATE_INFOPLIST_FILE = YES;
				INFOPLIST_FILE = SeSAC2Week7Diary/Info.plist;
				INFOPLIST_KEY_UIApplicationSupportsIndirectInputEvents = YES;
				INFOPLIST_KEY_UILaunchStoryboardName = LaunchScreen;
				INFOPLIST_KEY_UIMainStoryboardFile = Main;
				INFOPLIST_KEY_UISupportedInterfaceOrientations_iPad = "UIInterfaceOrientationPortrait UIInterfaceOrientationPortraitUpsideDown UIInterfaceOrientationLandscapeLeft UIInterfaceOrientationLandscapeRight";
				INFOPLIST_KEY_UISupportedInterfaceOrientations_iPhone = "UIInterfaceOrientationPortrait UIInterfaceOrientationLandscapeLeft UIInterfaceOrientationLandscapeRight";
				LD_RUNPATH_SEARCH_PATHS = (
					"$(inherited)",
					"@executable_path/Frameworks",
				);
				MARKETING_VERSION = 1.0;
				PRODUCT_BUNDLE_IDENTIFIER = com.ohlee.SeSAC2Week7Diary;
				PRODUCT_NAME = "$(TARGET_NAME)";
				SWIFT_EMIT_LOC_STRINGS = YES;
				SWIFT_VERSION = 5.0;
				TARGETED_DEVICE_FAMILY = "1,2";
			};
			name = Release;
		};
/* End XCBuildConfiguration section */

/* Begin XCConfigurationList section */
		8F5BFBC928AB1FBF0036C72F /* Build configuration list for PBXProject "SeSAC2Week7Diary" */ = {
			isa = XCConfigurationList;
			buildConfigurations = (
				8F5BFBE028AB1FC00036C72F /* Debug */,
				8F5BFBE128AB1FC00036C72F /* Release */,
			);
			defaultConfigurationIsVisible = 0;
			defaultConfigurationName = Release;
		};
		8F5BFBE228AB1FC00036C72F /* Build configuration list for PBXNativeTarget "SeSAC2Week7Diary" */ = {
			isa = XCConfigurationList;
			buildConfigurations = (
				8F5BFBE328AB1FC00036C72F /* Debug */,
				8F5BFBE428AB1FC00036C72F /* Release */,
			);
			defaultConfigurationIsVisible = 0;
			defaultConfigurationName = Release;
		};
/* End XCConfigurationList section */

/* Begin XCRemoteSwiftPackageReference section */
		8F5818B628AC81B4007E0EDD /* XCRemoteSwiftPackageReference "SnapKit" */ = {
			isa = XCRemoteSwiftPackageReference;
			repositoryURL = "https://github.com/SnapKit/SnapKit.git";
			requirement = {
				kind = upToNextMajorVersion;
				minimumVersion = 5.0.0;
			};
		};
/* End XCRemoteSwiftPackageReference section */

/* Begin XCSwiftPackageProductDependency section */
		8F5818B728AC81B4007E0EDD /* SnapKit */ = {
			isa = XCSwiftPackageProductDependency;
			package = 8F5818B628AC81B4007E0EDD /* XCRemoteSwiftPackageReference "SnapKit" */;
			productName = SnapKit;
		};
/* End XCSwiftPackageProductDependency section */
	};
	rootObject = 8F5BFBC628AB1FBF0036C72F /* Project object */;
}
